
Microsoft Visual Studio Solution File, Format Version 12.00
# Visual Studio 15
VisualStudioVersion = 15.0.28307.852
MinimumVisualStudioVersion = 10.0.40219.1
Project("{FAE04EC0-301F-11D3-BF4B-00C04F79EFBC}") = "MyClashRoyaleClone", "MyClashRoyaleClone.csproj", "{83F7C8EA-4E02-4D23-87F6-663ECDEED190}"
EndProject
Global
	GlobalSection(SolutionConfigurationPlatforms) = preSolution
		Debug|Any CPU = Debug|Any CPU
		Release|Any CPU = Release|Any CPU
	EndGlobalSection
	GlobalSection(ProjectConfigurationPlatforms) = postSolution
		{83F7C8EA-4E02-4D23-87F6-663ECDEED190}.Debug|Any CPU.ActiveCfg = Debug|Any CPU
		{83F7C8EA-4E02-4D23-87F6-663ECDEED190}.Debug|Any CPU.Build.0 = Debug|Any CPU
		{83F7C8EA-4E02-4D23-87F6-663ECDEED190}.Release|Any CPU.ActiveCfg = Release|Any CPU
		{83F7C8EA-4E02-4D23-87F6-663ECDEED190}.Release|Any CPU.Build.0 = Release|Any CPU
	EndGlobalSection
	GlobalSection(SolutionProperties) = preSolution
		HideSolutionNode = FALSE
	EndGlobalSection
	GlobalSection(ExtensibilityGlobals) = postSolution
		SolutionGuid = {92833AD8-A403-4BC3-808F-E9973AF5C717}
	EndGlobalSection
EndGlobal
